#FLG00	power:PWR_FLAG	PWR_FLAG		1=GND	
#FLG01	power:PWR_FLAG	PWR_FLAG		1=VBAT	
#FLG02	power:PWR_FLAG	PWR_FLAG		1=VBUS	
#FLG03	power:PWR_FLAG	PWR_FLAG		1=VSYS	
#FLG04	power:PWR_FLAG	PWR_FLAG		1=+3V3_SD	
C1	Device:C	1uF	Capacitor_SMD:C_0603_1608Metric	1=VBUS 2=GND	LCSC=C15849 MPN=CL10A105KB8NNNC
C10	Device:C	10uF	Capacitor_SMD:C_0805_2012Metric	1=VSYS 2=GND	LCSC=C15850 MPN=CL21A106KAYNNNE
C11	Device:C	22uF	Capacitor_SMD:C_0805_2012Metric	1=+5V 2=GND	LCSC=C45783 MPN=CL21A226MAQNNNE
C12	Device:C	22uF	Capacitor_SMD:C_0805_2012Metric	1=+5V 2=GND	LCSC=C45783 MPN=CL21A226MAQNNNE
C13	Device:C	10uF	Capacitor_SMD:C_0805_2012Metric	1=+3V3_SD 2=GND	LCSC=C15850 MPN=CL21A106KAYNNNE
C14	Device:C	1uF	Capacitor_SMD:C_0603_1608Metric	1=EN 2=GND	LCSC=C15849 MPN=CL10A105KB8NNNC
C15	Device:C	100nF	Capacitor_SMD:C_0402_1005Metric	1=+3V3 2=GND	LCSC=C1525 MPN=CL05B104KO5NNNC
C16	Device:C	10uF	Capacitor_SMD:C_0805_2012Metric	1=+3V3 2=GND	LCSC=C15850 MPN=CL21A106KAYNNNE
C17	Device:C	22uF	Capacitor_SMD:C_0805_2012Metric	1=+3V3 2=GND	LCSC=C45783 MPN=CL21A226MAQNNNE
C18	Device:C	1uF	Capacitor_SMD:C_0603_1608Metric	1=EPD_SW 2=EPD_CPMID	LCSC=C15849 MPN=CL10A105KB8NNNC
C19	Device:C	1uF	Capacitor_SMD:C_0603_1608Metric	1=EPD_PREVGL 2=GND	LCSC=C15849 MPN=CL10A105KB8NNNC
C2	Device:C	10uF	Capacitor_SMD:C_0805_2012Metric	1=PMID 2=GND	LCSC=C15850 MPN=CL21A106KAYNNNE
C20	Device:C	1uF	Capacitor_SMD:C_0603_1608Metric	1=EPD_PREVGH 2=GND	LCSC=C15849 MPN=CL10A105KB8NNNC
C21	Device:C	4.7uF	Capacitor_SMD:C_0805_2012Metric	1=+3V3 2=GND	LCSC=C1779 MPN=CL21A475KAQNNNE
C22	Device:C	1uF	Capacitor_SMD:C_0603_1608Metric	1=+3V3 2=GND	LCSC=C15849 MPN=CL10A105KB8NNNC
C23	Device:C	1uF	Capacitor_SMD:C_0603_1608Metric	1=EPD_VDD 2=GND	LCSC=C15849 MPN=CL10A105KB8NNNC
C24	Device:C	1uF	Capacitor_SMD:C_0603_1608Metric	1=EPD_VSH 2=GND	LCSC=C15849 MPN=CL10A105KB8NNNC
C25	Device:C	1uF	Capacitor_SMD:C_0603_1608Metric	1=EPD_VSL 2=GND	LCSC=C15849 MPN=CL10A105KB8NNNC
C26	Device:C	1uF	Capacitor_SMD:C_0603_1608Metric	1=EPD_VCOM 2=GND	LCSC=C15849 MPN=CL10A105KB8NNNC
C27	Device:C	1uF	Capacitor_SMD:C_0603_1608Metric	1=EPD_VDHR 2=GND	LCSC=C15849 MPN=CL10A105KB8NNNC
C28	Device:C	1uF	Capacitor_SMD:C_0603_1608Metric	1=CH343_V3 2=GND	LCSC=C15849 MPN=CL10A105KB8NNNC
C29	Device:C	100nF	Capacitor_SMD:C_0402_1005Metric	1=+3V3 2=GND	LCSC=C1525 MPN=CL05B104KO5NNNC
C3	Device:C	47nF	Capacitor_SMD:C_0603_1608Metric	1=PMIC_BTST 2=PMIC_SW	LCSC=C1622 MPN=CL10B473KB8NNNC
C30	Device:C	10uF	Capacitor_SMD:C_0805_2012Metric	1=+3V3 2=GND	LCSC=C15850 MPN=CL21A106KAYNNNE
C4	Device:C	4.7uF	Capacitor_SMD:C_0805_2012Metric	1=PMIC_REGN 2=GND	LCSC=C1779 MPN=CL21A475KAQNNNE
C5	Device:C	10uF	Capacitor_SMD:C_0805_2012Metric	1=VBAT 2=GND	LCSC=C15850 MPN=CL21A106KAYNNNE
C6	Device:C	10uF	Capacitor_SMD:C_0805_2012Metric	1=VSYS 2=GND	LCSC=C15850 MPN=CL21A106KAYNNNE
C7	Device:C	10uF	Capacitor_SMD:C_0805_2012Metric	1=VSYS 2=GND	LCSC=C15850 MPN=CL21A106KAYNNNE
C8	Device:C	10uF	Capacitor_SMD:C_0805_2012Metric	1=VSYS 2=GND	LCSC=C15850 MPN=CL21A106KAYNNNE
C9	Device:C	10uF	Capacitor_SMD:C_0805_2012Metric	1=+3V3 2=GND	LCSC=C15850 MPN=CL21A106KAYNNNE
D1	Device:D_Zener	SMF5.0A	Diode_SMD:D_SOD-123	1=VBUS 2=GND	LCSC=C19077497 MPN=SMF5.0A
D3	Diode:MBR0530	B5819W	Diode_SMD:D_SOD-123	1=EPD_CPMID 2=EPD_PREVGL	LCSC=C8598 MPN=B5819W
D4	Diode:MBR0530	B5819W	Diode_SMD:D_SOD-123	1=GND 2=EPD_CPMID	LCSC=C8598 MPN=B5819W
D5	Diode:MBR0530	B5819W	Diode_SMD:D_SOD-123	1=EPD_PREVGH 2=EPD_SW	LCSC=C8598 MPN=B5819W
J1	Connector_Generic:Conn_01x02	BATTERIE JST-PH	Connector_JST:JST_PH_S2B-PH-K_1x02_P2.00mm_Horizontal	1=VBAT 2=GND	LCSC=C173752 MPN=S2B-PH-K-S DNP
J13	Connector_Generic:Conn_01x04	CLAVIER INTERNE	Connector_JST:JST_PH_S4B-PH-K_1x04_P2.00mm_Horizontal	1=+5V 2=USB_DP 3=USB_DN 4=GND	LCSC=C157926 MPN=S4B-PH-K-S DNP
J2	Connector_Generic:Conn_01x02	BOUTON contact JST-PH	Connector_JST:JST_PH_S2B-PH-K_1x02_P2.00mm_Horizontal	1=BTN_SW 2=GND	LCSC=C173752 MPN=S2B-PH-K-S DNP
J3	Connector_Generic:Conn_01x02	BOUTON LED JST-PH	Connector_JST:JST_PH_S2B-PH-K_1x02_P2.00mm_Horizontal	1=BTN_LED_A 2=BTN_LED_K	LCSC=C173752 MPN=S2B-PH-K-S DNP
J4	Connector_Generic_MountingPin:Conn_01x24_MountingPin	FPC 24p 0.5mm - PANNEAU	Connector_FFC-FPC:Jushuo_AFC07-S24FCA-00_1x24-1MP_P0.50_Horizontal	10=EPD_RST 11=EPD_DC 12=EPD_CS 13=EPD_SCK 14=EPD_MOSI 15=+3V3 16=+3V3 17=GND 18=EPD_VDD 2=EPD_GDR 20=EPD_VSH 21=EPD_PREVGH 22=EPD_VSL 23=EPD_PREVGL 24=EPD_VCOM 3=EPD_RESE 5=EPD_VDHR 6=EPD_TSCL 7=EPD_TSDA 8=GND 9=EPD_BUSY MP=GND	LCSC=C262567 MPN=AFC07-S24FCA-00 NC:1,4,19
J6	Connector:USB_C_Receptacle_USB2.0_16P	USB-C CHARGE + PROG	Connector_USB:USB_C_Receptacle_HRO_TYPE-C-31-M-12	A1=GND A12=GND A4=VBUS A5=CC1 A6=USB_PROG_DP A7=USB_PROG_DN A9=VBUS B1=GND B12=GND B4=VBUS B5=CC2 B6=USB_PROG_DP B7=USB_PROG_DN B9=VBUS SH=GND	LCSC=C165948 MPN=TYPE-C-31-M-12 NC:A8,B8
J7	Connector:USB_C_Receptacle_USB2.0_16P	USB-C CLAVIER (hote)	Connector_USB:USB_C_Receptacle_HRO_TYPE-C-31-M-12	A1=GND A12=GND A4=+5V A5=KBD_CC1 A6=USB_DP A7=USB_DN A9=+5V B1=GND B12=GND B4=+5V B5=KBD_CC2 B6=USB_DP B7=USB_DN B9=+5V SH=GND	LCSC=C165948 MPN=TYPE-C-31-M-12 NC:A8,B8
J8	Connector:Micro_SD_Card_Det_Hirose_DM3AT	microSD	Connector_Card:microSD_HC_Molex_104031-0811	1=SD_DAT2 2=SD_CS 3=SD_MOSI 4=+3V3_SD 5=SD_SCK 6=GND 7=SD_MISO 8=SD_DAT1 9=GND SH=GND	LCSC=C585350 MPN=1040310811 NC:10
J9	Connector_Generic:Conn_01x06	UART PROG	Connector_PinHeader_2.54mm:PinHeader_1x06_P2.54mm_Vertical	1=+3V3 2=GND 3=UART_TX 4=UART_RX 5=EN 6=IO0	 DNP
L1	Device:L	1uH 4.15A	Inductor_SMD:L_APV_ANR4030	1=PMIC_SW 2=VSYS	LCSC=C42193 MPN=SWPA4030S1R0NT
L2	Device:L	2.2uH 2.9A	Inductor_SMD:L_Bourns-SRN4018	1=L_3V3_A 2=L_3V3_B	LCSC=C913207 MPN=SRN4018-2R2M
L3	Device:L	1uH 4.15A	Inductor_SMD:L_APV_ANR4030	1=VSYS 2=SW_5V	LCSC=C42193 MPN=SWPA4030S1R0NT
L4	Device:L	47uH 1.2A	Inductor_SMD:L_APV_ANR6045	1=+3V3 2=EPD_SW	LCSC=C36414 MPN=SWPA6045S470MT
Q1	Transistor_FET:AO3401A	AO3401A	Package_TO_SOT_SMD:SOT-23	1=SD_GATE 2=+3V3 3=+3V3_SD	LCSC=C15127 MPN=AO3401A
Q2	Transistor_FET:2N7002	2N7002	Package_TO_SOT_SMD:SOT-23	1=SD_PWR_EN 2=GND 3=SD_GATE	LCSC=C8545 MPN=2N7002
Q3	Transistor_FET:2N7002	2N7002	Package_TO_SOT_SMD:SOT-23	1=BTN_LED 2=GND 3=BTN_LED_K	LCSC=C8545 MPN=2N7002
Q4	Transistor_FET:Si1308EDL	Si1308EDL	Package_TO_SOT_SMD:SOT-323_SC-70	1=EPD_GDR 2=EPD_RESE 3=EPD_SW	LCSC=C7603347 MPN=SI1308EDL
Q5	Transistor_FET:2N7002	2N7002	Package_TO_SOT_SMD:SOT-23	1=PROG_DTR 2=PROG_RTS 3=IO0	LCSC=C8545 MPN=2N7002
Q6	Transistor_FET:2N7002	2N7002	Package_TO_SOT_SMD:SOT-23	1=PROG_RTS 2=PROG_DTR 3=EN	LCSC=C8545 MPN=2N7002
R1	Device:R	150R	Resistor_SMD:R_0603_1608Metric	1=PMIC_ILIM 2=GND	LCSC=C22808 MPN=0603WAF1500T5E
R10	Device:R	56k 1%	Resistor_SMD:R_0603_1608Metric	1=+5V 2=FB_5V	LCSC=C23206 MPN=0603WAF5602T5E
R11	Device:R	7.5k 1%	Resistor_SMD:R_0603_1608Metric	1=FB_5V 2=GND	LCSC=C23234 MPN=0603WAF7501T5E
R12	Device:R	100k	Resistor_SMD:R_0402_1005Metric	1=KBD_5V_EN 2=GND	LCSC=C25741 MPN=0402WGF1003TCE
R13	Device:R	100k	Resistor_SMD:R_0402_1005Metric	1=+3V3 2=SD_GATE	LCSC=C25741 MPN=0402WGF1003TCE
R14	Device:R	100k	Resistor_SMD:R_0402_1005Metric	1=SD_PWR_EN 2=GND	LCSC=C25741 MPN=0402WGF1003TCE
R15	Device:R	10k	Resistor_SMD:R_0402_1005Metric	1=BTN_SW 2=PWR_SENSE	LCSC=C25744 MPN=0402WGF1002TCE
R16	Device:R	100R	Resistor_SMD:R_0402_1005Metric	1=+3V3 2=BTN_LED_A	LCSC=C25076 MPN=0402WGF1000TCE
R17	Device:R	100k	Resistor_SMD:R_0402_1005Metric	1=BTN_LED 2=GND	LCSC=C25741 MPN=0402WGF1003TCE
R18	Device:R	10k	Resistor_SMD:R_0402_1005Metric	1=+3V3 2=EN	LCSC=C25744 MPN=0402WGF1002TCE
R19	Device:R	10k	Resistor_SMD:R_0402_1005Metric	1=+3V3 2=IO0	LCSC=C25744 MPN=0402WGF1002TCE
R2	Device:R	10k	Resistor_SMD:R_0402_1005Metric	1=PMIC_REGN 2=PMIC_TS	LCSC=C25744 MPN=0402WGF1002TCE
R20	Device:R	1M	Resistor_SMD:R_0402_1005Metric	1=EPD_GDR 2=GND	LCSC=C26083 MPN=0402WGF1004TCE
R21	Device:R	2R2	Resistor_SMD:R_0805_2012Metric	1=EPD_RESE 2=GND	LCSC=C17521 MPN=0805W8F2R20T5E
R22	Device:R	10k	Resistor_SMD:R_0402_1005Metric	1=+3V3 2=EPD_TSCL	LCSC=C25744 MPN=0402WGF1002TCE
R23	Device:R	10k	Resistor_SMD:R_0402_1005Metric	1=+3V3 2=EPD_TSDA	LCSC=C25744 MPN=0402WGF1002TCE
R24	Device:R	5k1 1%	Resistor_SMD:R_0402_1005Metric	1=CC1 2=GND	LCSC=C25905 MPN=0402WGF5101TCE
R25	Device:R	5k1 1%	Resistor_SMD:R_0402_1005Metric	1=CC2 2=GND	LCSC=C25905 MPN=0402WGF5101TCE
R26	Device:R	56k 1%	Resistor_SMD:R_0603_1608Metric	1=+5V 2=KBD_CC1	LCSC=C23206 MPN=0603WAF5602T5E
R27	Device:R	56k 1%	Resistor_SMD:R_0603_1608Metric	1=+5V 2=KBD_CC2	LCSC=C23206 MPN=0603WAF5602T5E
R28	Device:R	10k	Resistor_SMD:R_0402_1005Metric	1=+3V3_SD 2=SD_MISO	LCSC=C25744 MPN=0402WGF1002TCE
R29	Device:R	10k	Resistor_SMD:R_0402_1005Metric	1=+3V3_SD 2=SD_DAT1	LCSC=C25744 MPN=0402WGF1002TCE
R3	Device:R	12k	Resistor_SMD:R_0402_1005Metric	1=PMIC_TS 2=GND	LCSC=C25752 MPN=0402WGF1202TCE
R30	Device:R	10k	Resistor_SMD:R_0402_1005Metric	1=+3V3_SD 2=SD_DAT2	LCSC=C25744 MPN=0402WGF1002TCE
R31	Device:R	4k7	Resistor_SMD:R_0402_1005Metric	1=+3V3 2=I2C_SDA	LCSC=C25900 MPN=0402WGF4701TCE
R32	Device:R	4k7	Resistor_SMD:R_0402_1005Metric	1=+3V3 2=I2C_SCL	LCSC=C25900 MPN=0402WGF4701TCE
R4	Device:R	10k	Resistor_SMD:R_0402_1005Metric	1=+3V3 2=PMIC_PG	LCSC=C25744 MPN=0402WGF1002TCE
R5	Device:R	10k	Resistor_SMD:R_0402_1005Metric	1=+3V3 2=PMIC_STAT	LCSC=C25744 MPN=0402WGF1002TCE
R6	Device:R	10k	Resistor_SMD:R_0402_1005Metric	1=+3V3 2=PMIC_INT	LCSC=C25744 MPN=0402WGF1002TCE
SW1	Switch:SW_Push	QON	Button_Switch_SMD:SW_SPST_B3U-1000P	1=PMIC_QON 2=GND	LCSC=C231329 MPN=B3U-1000P DNP
SW2	Switch:SW_Push	RESET	Button_Switch_SMD:SW_SPST_B3U-1000P	1=EN 2=GND	LCSC=C231329 MPN=B3U-1000P
SW3	Switch:SW_Push	BOOT	Button_Switch_SMD:SW_SPST_B3U-1000P	1=IO0 2=GND	LCSC=C231329 MPN=B3U-1000P
TP1	Connector:TestPoint	GND	TestPoint:TestPoint_THTPad_D2.0mm_Drill1.0mm	1=GND	 DNP
TP10	Connector:TestPoint	IO39	TestPoint:TestPoint_THTPad_D1.5mm_Drill0.7mm	1=IO39	 DNP
TP12	Connector:TestPoint	IO47	TestPoint:TestPoint_THTPad_D1.5mm_Drill0.7mm	1=IO47	 DNP
TP13	Connector:TestPoint	IO48	TestPoint:TestPoint_THTPad_D1.5mm_Drill0.7mm	1=IO48	 DNP
TP3	Connector:TestPoint	+3V3	TestPoint:TestPoint_THTPad_D2.0mm_Drill1.0mm	1=+3V3	 DNP
TP4	Connector:TestPoint	I2C_SDA	TestPoint:TestPoint_THTPad_D2.0mm_Drill1.0mm	1=I2C_SDA	 DNP
TP5	Connector:TestPoint	I2C_SCL	TestPoint:TestPoint_THTPad_D2.0mm_Drill1.0mm	1=I2C_SCL	 DNP
TP6	Connector:TestPoint	IO1	TestPoint:TestPoint_THTPad_D1.5mm_Drill0.7mm	1=IO1	 DNP
TP7	Connector:TestPoint	IO2	TestPoint:TestPoint_THTPad_D1.5mm_Drill0.7mm	1=IO2	 DNP
TP8	Connector:TestPoint	IO8	TestPoint:TestPoint_THTPad_D1.5mm_Drill0.7mm	1=IO8	 DNP
TP9	Connector:TestPoint	IO9	TestPoint:TestPoint_THTPad_D1.5mm_Drill0.7mm	1=IO9	 DNP
U1	RF_Module:ESP32-S3-WROOM-1	ESP32-S3-WROOM-1-N16R8	RF_Module:ESP32-S3-WROOM-1	1=GND 10=I2C_SDA 11=I2C_SCL 12=IO8 13=USB_DN 14=USB_DP 17=IO9 18=SD_CS 19=EPD_MOSI 2=+3V3 20=EPD_SCK 21=SD_MISO 22=SD_SCK 23=PWR_SENSE 24=IO47 25=IO48 27=IO0 3=EN 31=BTN_LED 32=IO39 33=SD_PWR_EN 34=KBD_5V_EN 36=UART_RX 37=UART_TX 38=IO2 39=IO1 4=EPD_BUSY 40=GND 41=GND 5=EPD_RST 6=EPD_DC 7=EPD_CS 8=SD_MOSI 9=PMIC_INT	LCSC=C2913202 MPN=ESP32-S3-WROOM-1-N16R8 NC:15,16,26,28,29,30,35
U2	typoena:BQ25896RTW	BQ25896RTW	Package_DFN_QFN:Texas_RTW_WQFN-24-1EP_4x4mm_P0.5mm_EP2.7x2.7mm_ThermalVias	1=VBUS 10=PMIC_ILIM 11=PMIC_TS 12=PMIC_QON 13=VBAT 15=VSYS 17=GND 19=PMIC_SW 2=GND 21=PMIC_BTST 22=PMIC_REGN 23=PMID 3=PMIC_PG 4=PMIC_STAT 5=I2C_SCL 6=I2C_SDA 7=PMIC_INT 8=GND 9=GND	LCSC=C181475 MPN=BQ25896RTWR
U3	Regulator_Switching:TPS63001	TPS63001DRCR	Package_SON:Texas_DRC0010J_ThermalVias	1=+3V3 10=+3V3 11=GND 2=L_3V3_B 3=GND 4=L_3V3_A 5=VSYS 6=VSYS 7=GND 8=VSYS 9=GND	LCSC=C28060 MPN=TPS63001DRCR
U4	typoena:TPS61023DRL	TPS61023DRL	Package_TO_SOT_SMD:SOT-563	1=FB_5V 2=KBD_5V_EN 3=VSYS 4=GND 5=SW_5V 6=+5V	LCSC=C919459 MPN=TPS61023DRLR
U5	Interface_USB:CH343P	CH343P	Package_DFN_QFN:WCH_QFN-16-1EP_3x3mm_P0.5mm_EP1.8x1.8mm	1=+3V3 12=PROG_DTR 13=PROG_RTS 17=GND 2=GND 3=VBUS 4=UART_RX 5=UART_TX 6=CH343_V3 7=USB_PROG_DP 8=USB_PROG_DN 9=VBUS	LCSC=C2846043 MPN=CH343P NC:10,11,14,15,16
